# THIS IS AN AUTOGENERATED FILE. DO NOT EDIT THIS FILE DIRECTLY.
# yarn lockfile v1


"@vx/curve@0.0.165", "@vx/curve@^0.0.165":
  version "0.0.165"
  resolved "https://registry.yarnpkg.com/@vx/curve/-/curve-0.0.165.tgz#330d1512dceae0af43dd3eb4c85523132030a3a0"
  dependencies:
    d3-shape "^1.0.6"

"@vx/group@0.0.170":
  version "0.0.170"
  resolved "https://registry.yarnpkg.com/@vx/group/-/group-0.0.170.tgz#8b30b3ea07c348fe22253812fe7cb6d4200d725d"
  dependencies:
    classnames "^2.2.5"

"@vx/point@0.0.165":
  version "0.0.165"
  resolved "https://registry.yarnpkg.com/@vx/point/-/point-0.0.165.tgz#7ebde5da3d86954fe31a56f923f31550f0b4b867"

"@vx/shape@^0.0.176":
  version "0.0.176"
  resolved "https://registry.yarnpkg.com/@vx/shape/-/shape-0.0.176.tgz#7dd61518ede1965f720a4532e044f4121c1ca675"
  dependencies:
    "@vx/curve" "0.0.165"
    "@vx/group" "0.0.170"
    "@vx/point" "0.0.165"
    classnames "^2.2.5"
    d3-path "^1.0.5"
    d3-shape "^1.2.0"
    prop-types "^15.5.10"

classnames@^2.2.5:
  version "2.2.6"
  resolved "https://registry.yarnpkg.com/classnames/-/classnames-2.2.6.tgz#43935bffdd291f326dad0a205309b38d00f650ce"

d3-array@^1.2.4:
  version "1.2.4"
  resolved "https://registry.yarnpkg.com/d3-array/-/d3-array-1.2.4.tgz#635ce4d5eea759f6f605863dbcfc30edc737f71f"

d3-path@1, d3-path@^1.0.5:
  version "1.0.7"
  resolved "https://registry.yarnpkg.com/d3-path/-/d3-path-1.0.7.tgz#8de7cd693a75ac0b5480d3abaccd94793e58aae8"

d3-shape@^1.0.6, d3-shape@^1.2.0:
  version "1.2.2"
  resolved "https://registry.yarnpkg.com/d3-shape/-/d3-shape-1.2.2.tgz#f9dba3777a5825f9a8ce8bc928da08c17679e9a7"
  dependencies:
    d3-path "1"

"js-tokens@^3.0.0 || ^4.0.0":
  version "4.0.0"
  resolved "https://registry.yarnpkg.com/js-tokens/-/js-tokens-4.0.0.tgz#19203fb59991df98e3a287050d4647cdeaf32499"

loose-envify@^1.3.1:
  version "1.4.0"
  resolved "https://registry.yarnpkg.com/loose-envify/-/loose-envify-1.4.0.tgz#71ee51fa7be4caec1a63839f7e682d8132d30caf"
  dependencies:
    js-tokens "^3.0.0 || ^4.0.0"

object-assign@^4.1.1:
  version "4.1.1"
  resolved "https://registry.yarnpkg.com/object-assign/-/object-assign-4.1.1.tgz#2109adc7965887cfc05cbbd442cac8bfbb360863"

prop-types@^15.5.10:
  version "15.6.2"
  resolved "https://registry.yarnpkg.com/prop-types/-/prop-types-15.6.2.tgz#05d5ca77b4453e985d60fc7ff8c859094a497102"
  dependencies:
    loose-envify "^1.3.1"
    object-assign "^4.1.1"
